{
  "nodes": {
    "golden-cpp": {
      "inputs": {
        "nixpkgs": "nixpkgs"
      },
      "locked": {
        "lastModified": 1626338734,
        "narHash": "sha256-/jJ2W7ECMflSroT/BPbm2vWJBS1TAPB4xzhHC8+Asww=",
        "owner": "nokx5",
        "repo": "golden-cpp",
        "rev": "b453061ed0c24f700c2446f322630e114e5b8b4d",
        "type": "github"
      },
      "original": {
        "owner": "nokx5",
        "ref": "main",
        "repo": "golden-cpp",
        "type": "github"
      }
    },
    "golden-go": {
      "inputs": {
        "nixpkgs": "nixpkgs_2"
      },
      "locked": {
        "lastModified": 1626340437,
        "narHash": "sha256-wPaNlbVIfBPTdmzWkB4f1dqEcklFokTUUkUY0hfaGgY=",
        "owner": "nokx5",
        "repo": "golden-go",
        "rev": "5d8f604f08ef8193803c71c286b2087685ae40c0",
        "type": "github"
      },
      "original": {
        "owner": "nokx5",
        "ref": "main",
        "repo": "golden-go",
        "type": "github"
      }
    },
    "golden-pybind11": {
      "inputs": {
        "nixpkgs": "nixpkgs_3"
      },
      "locked": {
        "lastModified": 1626339220,
        "narHash": "sha256-ffx8A4DJZ1j70aPixRgY2IvvMnC5ouCsc0FLMCTVJe8=",
        "owner": "nokx5",
        "repo": "golden-pybind11",
        "rev": "d27a64ff8873fcd80c9a925bf9f73586af05009c",
        "type": "github"
      },
      "original": {
        "owner": "nokx5",
        "ref": "main",
        "repo": "golden-pybind11",
        "type": "github"
      }
    },
    "golden-python": {
      "inputs": {
        "nixpkgs": "nixpkgs_4"
      },
      "locked": {
        "lastModified": 1626338510,
        "narHash": "sha256-P+6tpLFN1r1MC+TlyhVPSA74eOrB/9Q3mF6Wf1fqBoo=",
        "owner": "nokx5",
        "repo": "golden-python",
        "rev": "ac4177404ae10ea18b737fdc33535cc96e332d81",
        "type": "github"
      },
      "original": {
        "owner": "nokx5",
        "ref": "main",
        "repo": "golden-python",
        "type": "github"
      }
    },
    "nixpkgs": {
      "locked": {
        "lastModified": 1626209285,
        "narHash": "sha256-x5lDbW9rYr8PImbQSKfwfBId1M2+rrRkK4/WReDEC1Q=",
        "owner": "NixOS",
        "repo": "nixpkgs",
        "rev": "dac74fead8737d6bf0823f22da26c7344f69bc0a",
        "type": "github"
      },
      "original": {
        "owner": "NixOS",
        "ref": "nixpkgs-unstable",
        "repo": "nixpkgs",
        "type": "github"
      }
    },
    "nixpkgs_2": {
      "locked": {
        "lastModified": 1626312449,
        "narHash": "sha256-EQMvoKv8xTPzdl85Vil24dpnKzmgKLF9ggo01kV7mkc=",
        "owner": "NixOS",
        "repo": "nixpkgs",
        "rev": "fe653f953d3a1f09ef6888f0ecc3490b2f2a0216",
        "type": "github"
      },
      "original": {
        "owner": "NixOS",
        "ref": "nixpkgs-unstable",
        "repo": "nixpkgs",
        "type": "github"
      }
    },
    "nixpkgs_3": {
      "locked": {
        "lastModified": 1626312449,
        "narHash": "sha256-EQMvoKv8xTPzdl85Vil24dpnKzmgKLF9ggo01kV7mkc=",
        "owner": "NixOS",
        "repo": "nixpkgs",
        "rev": "fe653f953d3a1f09ef6888f0ecc3490b2f2a0216",
        "type": "github"
      },
      "original": {
        "owner": "NixOS",
        "ref": "nixpkgs-unstable",
        "repo": "nixpkgs",
        "type": "github"
      }
    },
    "nixpkgs_4": {
      "locked": {
        "lastModified": 1626087906,
        "narHash": "sha256-n6jPX5j5yEsM5GGnMOmD2syZnoYfVONW/LztPsKu5Uc=",
        "owner": "NixOS",
        "repo": "nixpkgs",
        "rev": "eaff114326e814083bcb208caa97eab1fbedd79b",
        "type": "github"
      },
      "original": {
        "owner": "NixOS",
        "ref": "nixpkgs-unstable",
        "repo": "nixpkgs",
        "type": "github"
      }
    },
    "nixpkgs_5": {
      "locked": {
        "lastModified": 1626312449,
        "narHash": "sha256-EQMvoKv8xTPzdl85Vil24dpnKzmgKLF9ggo01kV7mkc=",
        "owner": "NixOS",
        "repo": "nixpkgs",
        "rev": "fe653f953d3a1f09ef6888f0ecc3490b2f2a0216",
        "type": "github"
      },
      "original": {
        "owner": "NixOS",
        "ref": "nixpkgs-unstable",
        "repo": "nixpkgs",
        "type": "github"
      }
    },
    "root": {
      "inputs": {
        "golden-cpp": "golden-cpp",
        "golden-go": "golden-go",
        "golden-pybind11": "golden-pybind11",
        "golden-python": "golden-python",
        "nixpkgs": "nixpkgs_5"
      }
    }
  },
  "root": "root",
  "version": 7
}
