{
  "nodes": {
    "flake-utils": {
      "locked": {
        "lastModified": 1623875721,
        "narHash": "sha256-A8BU7bjS5GirpAUv4QA+QnJ4CceLHkcXdRp4xITDB0s=",
        "owner": "numtide",
        "repo": "flake-utils",
        "rev": "f7e004a55b120c02ecb6219596820fcd32ca8772",
        "type": "github"
      },
      "original": {
        "owner": "numtide",
        "repo": "flake-utils",
        "type": "github"
      }
    },
    "flake-utils_2": {
      "locked": {
        "lastModified": 1623875721,
        "narHash": "sha256-A8BU7bjS5GirpAUv4QA+QnJ4CceLHkcXdRp4xITDB0s=",
        "owner": "numtide",
        "repo": "flake-utils",
        "rev": "f7e004a55b120c02ecb6219596820fcd32ca8772",
        "type": "github"
      },
      "original": {
        "owner": "numtide",
        "repo": "flake-utils",
        "type": "github"
      }
    },
    "golden-cpp": {
      "inputs": {
        "nixpkgs": "nixpkgs"
      },
      "locked": {
        "lastModified": 1628429236,
        "narHash": "sha256-28kApGzaFlqkQ64+SXVCkWlsc1RVzXlc+Nyrik3KmLQ=",
        "owner": "nokx5",
        "repo": "golden-cpp",
        "rev": "d7b5bd6011014155e3ca58c0835bacf6805c6832",
        "type": "github"
      },
      "original": {
        "owner": "nokx5",
        "ref": "main",
        "repo": "golden-cpp",
        "type": "github"
      }
    },
    "golden-go": {
      "inputs": {
        "nixpkgs": "nixpkgs_2"
      },
      "locked": {
        "lastModified": 1628458106,
        "narHash": "sha256-HJ1j3iubgMhlQWaQdIF8CAhhoyT2dyr/Fb9qTuhAlmo=",
        "owner": "nokx5",
        "repo": "golden-go",
        "rev": "1d7a7a00a90f24014704fec4fb9393457047b156",
        "type": "github"
      },
      "original": {
        "owner": "nokx5",
        "ref": "main",
        "repo": "golden-go",
        "type": "github"
      }
    },
    "golden-pybind11": {
      "inputs": {
        "nixpkgs": "nixpkgs_3"
      },
      "locked": {
        "lastModified": 1628457172,
        "narHash": "sha256-EuCbuL/v20nKrTNVVp9rH7A/Jcw7Jz1YFvBfl9mMJuo=",
        "owner": "nokx5",
        "repo": "golden-pybind11",
        "rev": "89b783b177e2278d75b4edb886498f0ecc486597",
        "type": "github"
      },
      "original": {
        "owner": "nokx5",
        "ref": "main",
        "repo": "golden-pybind11",
        "type": "github"
      }
    },
    "golden-python": {
      "inputs": {
        "nixpkgs": "nixpkgs_4"
      },
      "locked": {
        "lastModified": 1628456859,
        "narHash": "sha256-9gvoHTyZ88Ni574pT86Qbi+wkn+twMxanD9K2rjYVpE=",
        "owner": "nokx5",
        "repo": "golden-python",
        "rev": "24ce852fe326ba8d2f7eb6c544f297a8a1090c77",
        "type": "github"
      },
      "original": {
        "owner": "nokx5",
        "ref": "main",
        "repo": "golden-python",
        "type": "github"
      }
    },
    "golden-rust": {
      "inputs": {
        "nixpkgs": "nixpkgs_5",
        "rust-overlay": "rust-overlay"
      },
      "locked": {
        "lastModified": 1628457426,
        "narHash": "sha256-GZcVsz34Sa7jWVT4MmECu1Trzf1+6F45+2Wah/Z/Dco=",
        "owner": "nokx5",
        "repo": "golden-rust",
        "rev": "5165363611351f781875c65414b0b6d96f8a9540",
        "type": "github"
      },
      "original": {
        "owner": "nokx5",
        "ref": "main",
        "repo": "golden-rust",
        "type": "github"
      }
    },
    "nixpkgs": {
      "locked": {
        "lastModified": 1628320020,
        "narHash": "sha256-4xBEb+TOHyIGpK37EVsZx6dGPwNMf5YWNBJaQ4VyZws=",
        "owner": "NixOS",
        "repo": "nixpkgs",
        "rev": "67c80531be622641b5b2ccc3a7aff355cb02476b",
        "type": "github"
      },
      "original": {
        "owner": "NixOS",
        "ref": "nixpkgs-unstable",
        "repo": "nixpkgs",
        "type": "github"
      }
    },
    "nixpkgs_2": {
      "locked": {
        "lastModified": 1628320020,
        "narHash": "sha256-4xBEb+TOHyIGpK37EVsZx6dGPwNMf5YWNBJaQ4VyZws=",
        "owner": "NixOS",
        "repo": "nixpkgs",
        "rev": "67c80531be622641b5b2ccc3a7aff355cb02476b",
        "type": "github"
      },
      "original": {
        "owner": "NixOS",
        "ref": "nixpkgs-unstable",
        "repo": "nixpkgs",
        "type": "github"
      }
    },
    "nixpkgs_3": {
      "locked": {
        "lastModified": 1628320020,
        "narHash": "sha256-4xBEb+TOHyIGpK37EVsZx6dGPwNMf5YWNBJaQ4VyZws=",
        "owner": "NixOS",
        "repo": "nixpkgs",
        "rev": "67c80531be622641b5b2ccc3a7aff355cb02476b",
        "type": "github"
      },
      "original": {
        "owner": "NixOS",
        "ref": "nixpkgs-unstable",
        "repo": "nixpkgs",
        "type": "github"
      }
    },
    "nixpkgs_4": {
      "locked": {
        "lastModified": 1628320020,
        "narHash": "sha256-4xBEb+TOHyIGpK37EVsZx6dGPwNMf5YWNBJaQ4VyZws=",
        "owner": "NixOS",
        "repo": "nixpkgs",
        "rev": "67c80531be622641b5b2ccc3a7aff355cb02476b",
        "type": "github"
      },
      "original": {
        "owner": "NixOS",
        "ref": "nixpkgs-unstable",
        "repo": "nixpkgs",
        "type": "github"
      }
    },
    "nixpkgs_5": {
      "locked": {
        "lastModified": 1628320020,
        "narHash": "sha256-4xBEb+TOHyIGpK37EVsZx6dGPwNMf5YWNBJaQ4VyZws=",
        "owner": "NixOS",
        "repo": "nixpkgs",
        "rev": "67c80531be622641b5b2ccc3a7aff355cb02476b",
        "type": "github"
      },
      "original": {
        "owner": "NixOS",
        "ref": "nixpkgs-unstable",
        "repo": "nixpkgs",
        "type": "github"
      }
    },
    "nixpkgs_6": {
      "locked": {
        "lastModified": 1628186154,
        "narHash": "sha256-r2d0wvywFnL9z4iptztdFMhaUIAaGzrSs7kSok0PgmE=",
        "owner": "NixOS",
        "repo": "nixpkgs",
        "rev": "06552b72346632b6943c8032e57e702ea12413bf",
        "type": "github"
      },
      "original": {
        "owner": "NixOS",
        "repo": "nixpkgs",
        "type": "github"
      }
    },
    "nixpkgs_7": {
      "locked": {
        "lastModified": 1628320020,
        "narHash": "sha256-4xBEb+TOHyIGpK37EVsZx6dGPwNMf5YWNBJaQ4VyZws=",
        "owner": "NixOS",
        "repo": "nixpkgs",
        "rev": "67c80531be622641b5b2ccc3a7aff355cb02476b",
        "type": "github"
      },
      "original": {
        "owner": "NixOS",
        "ref": "nixpkgs-unstable",
        "repo": "nixpkgs",
        "type": "github"
      }
    },
    "nixpkgs_8": {
      "locked": {
        "lastModified": 1628186154,
        "narHash": "sha256-r2d0wvywFnL9z4iptztdFMhaUIAaGzrSs7kSok0PgmE=",
        "owner": "NixOS",
        "repo": "nixpkgs",
        "rev": "06552b72346632b6943c8032e57e702ea12413bf",
        "type": "github"
      },
      "original": {
        "owner": "NixOS",
        "repo": "nixpkgs",
        "type": "github"
      }
    },
    "root": {
      "inputs": {
        "golden-cpp": "golden-cpp",
        "golden-go": "golden-go",
        "golden-pybind11": "golden-pybind11",
        "golden-python": "golden-python",
        "golden-rust": "golden-rust",
        "nixpkgs": "nixpkgs_7",
        "rust-overlay": "rust-overlay_2"
      }
    },
    "rust-overlay": {
      "inputs": {
        "flake-utils": "flake-utils",
        "nixpkgs": "nixpkgs_6"
      },
      "locked": {
        "lastModified": 1628388749,
        "narHash": "sha256-fRapgFP9qoaTh9GMnX6iMHTUnXE+03p1einqamnoWG0=",
        "owner": "oxalica",
        "repo": "rust-overlay",
        "rev": "f6f5fba835cff119d04f18debfacf1a223ef1583",
        "type": "github"
      },
      "original": {
        "owner": "oxalica",
        "repo": "rust-overlay",
        "type": "github"
      }
    },
    "rust-overlay_2": {
      "inputs": {
        "flake-utils": "flake-utils_2",
        "nixpkgs": "nixpkgs_8"
      },
      "locked": {
        "lastModified": 1628388749,
        "narHash": "sha256-fRapgFP9qoaTh9GMnX6iMHTUnXE+03p1einqamnoWG0=",
        "owner": "oxalica",
        "repo": "rust-overlay",
        "rev": "f6f5fba835cff119d04f18debfacf1a223ef1583",
        "type": "github"
      },
      "original": {
        "owner": "oxalica",
        "repo": "rust-overlay",
        "type": "github"
      }
    }
  },
  "root": "root",
  "version": 7
}
